
Microsoft Visual Studio Solution File, Format Version 12.00
# Visual Studio Version 16
VisualStudioVersion = 16.0.31005.135
MinimumVisualStudioVersion = 10.0.40219.1
Project("{FAE04EC0-301F-11D3-BF4B-00C04F79EFBC}") = "Change_Background_color_radio_button", "Change_Background_color_radio_button.csproj", "{CA0FA36C-8C89-4A34-A4A7-DE8D1E77B53D}"
EndProject
Global
	GlobalSection(SolutionConfigurationPlatforms) = preSolution
		Debug|Any CPU = Debug|Any CPU
		Release|Any CPU = Release|Any CPU
	EndGlobalSection
	GlobalSection(ProjectConfigurationPlatforms) = postSolution
		{CA0FA36C-8C89-4A34-A4A7-DE8D1E77B53D}.Debug|Any CPU.ActiveCfg = Debug|Any CPU
		{CA0FA36C-8C89-4A34-A4A7-DE8D1E77B53D}.Debug|Any CPU.Build.0 = Debug|Any CPU
		{CA0FA36C-8C89-4A34-A4A7-DE8D1E77B53D}.Release|Any CPU.ActiveCfg = Release|Any CPU
		{CA0FA36C-8C89-4A34-A4A7-DE8D1E77B53D}.Release|Any CPU.Build.0 = Release|Any CPU
	EndGlobalSection
	GlobalSection(SolutionProperties) = preSolution
		HideSolutionNode = FALSE
	EndGlobalSection
	GlobalSection(ExtensibilityGlobals) = postSolution
		SolutionGuid = {A1E7C937-35A9-440F-B10B-1300350F87F4}
	EndGlobalSection
EndGlobal
